
Microsoft Visual Studio Solution File, Format Version 12.00
# Visual Studio Version 17
VisualStudioVersion = 17.13.35806.99 d17.13
MinimumVisualStudioVersion = 10.0.40219.1
Project("{FAE04EC0-301F-11D3-BF4B-00C04F79EFBC}") = "Z1", "Z1\Z1.csproj", "{ACE7936C-8426-4826-BB34-59D9BF01CAEB}"
EndProject
Project("{FAE04EC0-301F-11D3-BF4B-00C04F79EFBC}") = "Z1.Tests", "Z1.Tests\Z1.Tests.csproj", "{E3DAE94F-7ED2-4504-8312-85DA519B04E4}"
EndProject
Global
	GlobalSection(SolutionConfigurationPlatforms) = preSolution
		Debug|Any CPU = Debug|Any CPU
		Release|Any CPU = Release|Any CPU
	EndGlobalSection
	GlobalSection(ProjectConfigurationPlatforms) = postSolution
		{ACE7936C-8426-4826-BB34-59D9BF01CAEB}.Debug|Any CPU.ActiveCfg = Debug|Any CPU
		{ACE7936C-8426-4826-BB34-59D9BF01CAEB}.Debug|Any CPU.Build.0 = Debug|Any CPU
		{ACE7936C-8426-4826-BB34-59D9BF01CAEB}.Release|Any CPU.ActiveCfg = Release|Any CPU
		{ACE7936C-8426-4826-BB34-59D9BF01CAEB}.Release|Any CPU.Build.0 = Release|Any CPU
		{E3DAE94F-7ED2-4504-8312-85DA519B04E4}.Debug|Any CPU.ActiveCfg = Debug|Any CPU
		{E3DAE94F-7ED2-4504-8312-85DA519B04E4}.Debug|Any CPU.Build.0 = Debug|Any CPU
		{E3DAE94F-7ED2-4504-8312-85DA519B04E4}.Release|Any CPU.ActiveCfg = Release|Any CPU
		{E3DAE94F-7ED2-4504-8312-85DA519B04E4}.Release|Any CPU.Build.0 = Release|Any CPU
	EndGlobalSection
	GlobalSection(SolutionProperties) = preSolution
		HideSolutionNode = FALSE
	EndGlobalSection
	GlobalSection(ExtensibilityGlobals) = postSolution
		SolutionGuid = {5CDDF193-8D2E-4BD4-9BDC-6BEF53754ECD}
	EndGlobalSection
EndGlobal
