
Microsoft Visual Studio Solution File, Format Version 12.00
# Visual Studio Version 17
VisualStudioVersion = 17.13.35806.99 d17.13
MinimumVisualStudioVersion = 10.0.40219.1
Project("{FAE04EC0-301F-11D3-BF4B-00C04F79EFBC}") = "Z1", "Z1\Z1.csproj", "{687C7654-86D6-4BB8-92A0-4A305CC3AD3A}"
EndProject
Project("{FAE04EC0-301F-11D3-BF4B-00C04F79EFBC}") = "Z1.Tests", "Z1.Tests\Z1.Tests.csproj", "{901AECEF-1148-4AA5-A59D-0C80B1CD27A3}"
EndProject
Global
	GlobalSection(SolutionConfigurationPlatforms) = preSolution
		Debug|Any CPU = Debug|Any CPU
		Release|Any CPU = Release|Any CPU
	EndGlobalSection
	GlobalSection(ProjectConfigurationPlatforms) = postSolution
		{687C7654-86D6-4BB8-92A0-4A305CC3AD3A}.Debug|Any CPU.ActiveCfg = Debug|Any CPU
		{687C7654-86D6-4BB8-92A0-4A305CC3AD3A}.Debug|Any CPU.Build.0 = Debug|Any CPU
		{687C7654-86D6-4BB8-92A0-4A305CC3AD3A}.Release|Any CPU.ActiveCfg = Release|Any CPU
		{687C7654-86D6-4BB8-92A0-4A305CC3AD3A}.Release|Any CPU.Build.0 = Release|Any CPU
		{901AECEF-1148-4AA5-A59D-0C80B1CD27A3}.Debug|Any CPU.ActiveCfg = Debug|Any CPU
		{901AECEF-1148-4AA5-A59D-0C80B1CD27A3}.Debug|Any CPU.Build.0 = Debug|Any CPU
		{901AECEF-1148-4AA5-A59D-0C80B1CD27A3}.Release|Any CPU.ActiveCfg = Release|Any CPU
		{901AECEF-1148-4AA5-A59D-0C80B1CD27A3}.Release|Any CPU.Build.0 = Release|Any CPU
	EndGlobalSection
	GlobalSection(SolutionProperties) = preSolution
		HideSolutionNode = FALSE
	EndGlobalSection
	GlobalSection(ExtensibilityGlobals) = postSolution
		SolutionGuid = {68971A68-7C17-471C-B212-DE0FA38F9C08}
	EndGlobalSection
EndGlobal
