
Microsoft Visual Studio Solution File, Format Version 12.00
# Visual Studio Version 17
VisualStudioVersion = 17.14.36212.18 d17.14
MinimumVisualStudioVersion = 10.0.40219.1
Project("{FAE04EC0-301F-11D3-BF4B-00C04F79EFBC}") = "Z1", "Z1\Z1.csproj", "{9A17C875-FA4C-40B2-8128-9B2A882FA982}"
EndProject
Project("{FAE04EC0-301F-11D3-BF4B-00C04F79EFBC}") = "Z1.Tests", "Z1.Tests\Z1.Tests.csproj", "{4065E82B-A433-4A37-92E4-9EBB81E4135A}"
EndProject
Global
	GlobalSection(SolutionConfigurationPlatforms) = preSolution
		Debug|Any CPU = Debug|Any CPU
		Release|Any CPU = Release|Any CPU
	EndGlobalSection
	GlobalSection(ProjectConfigurationPlatforms) = postSolution
		{9A17C875-FA4C-40B2-8128-9B2A882FA982}.Debug|Any CPU.ActiveCfg = Debug|Any CPU
		{9A17C875-FA4C-40B2-8128-9B2A882FA982}.Debug|Any CPU.Build.0 = Debug|Any CPU
		{9A17C875-FA4C-40B2-8128-9B2A882FA982}.Release|Any CPU.ActiveCfg = Release|Any CPU
		{9A17C875-FA4C-40B2-8128-9B2A882FA982}.Release|Any CPU.Build.0 = Release|Any CPU
		{4065E82B-A433-4A37-92E4-9EBB81E4135A}.Debug|Any CPU.ActiveCfg = Debug|Any CPU
		{4065E82B-A433-4A37-92E4-9EBB81E4135A}.Debug|Any CPU.Build.0 = Debug|Any CPU
		{4065E82B-A433-4A37-92E4-9EBB81E4135A}.Release|Any CPU.ActiveCfg = Release|Any CPU
		{4065E82B-A433-4A37-92E4-9EBB81E4135A}.Release|Any CPU.Build.0 = Release|Any CPU
	EndGlobalSection
	GlobalSection(SolutionProperties) = preSolution
		HideSolutionNode = FALSE
	EndGlobalSection
	GlobalSection(ExtensibilityGlobals) = postSolution
		SolutionGuid = {C0F79EFA-2219-4205-8DD8-45F651B91BDB}
	EndGlobalSection
EndGlobal
