
Microsoft Visual Studio Solution File, Format Version 12.00
# Visual Studio Version 17
VisualStudioVersion = 17.13.35806.99 d17.13
MinimumVisualStudioVersion = 10.0.40219.1
Project("{FAE04EC0-301F-11D3-BF4B-00C04F79EFBC}") = "Z1", "Z1\Z1.csproj", "{4D6F5DA1-6CEB-4659-8E13-179E61149C59}"
EndProject
Project("{FAE04EC0-301F-11D3-BF4B-00C04F79EFBC}") = "Z1.Tests", "Z1.Tests\Z1.Tests.csproj", "{AD93A16B-B233-49D3-B67B-D3C48B7179AC}"
EndProject
Global
	GlobalSection(SolutionConfigurationPlatforms) = preSolution
		Debug|Any CPU = Debug|Any CPU
		Release|Any CPU = Release|Any CPU
	EndGlobalSection
	GlobalSection(ProjectConfigurationPlatforms) = postSolution
		{4D6F5DA1-6CEB-4659-8E13-179E61149C59}.Debug|Any CPU.ActiveCfg = Debug|Any CPU
		{4D6F5DA1-6CEB-4659-8E13-179E61149C59}.Debug|Any CPU.Build.0 = Debug|Any CPU
		{4D6F5DA1-6CEB-4659-8E13-179E61149C59}.Release|Any CPU.ActiveCfg = Release|Any CPU
		{4D6F5DA1-6CEB-4659-8E13-179E61149C59}.Release|Any CPU.Build.0 = Release|Any CPU
		{AD93A16B-B233-49D3-B67B-D3C48B7179AC}.Debug|Any CPU.ActiveCfg = Debug|Any CPU
		{AD93A16B-B233-49D3-B67B-D3C48B7179AC}.Debug|Any CPU.Build.0 = Debug|Any CPU
		{AD93A16B-B233-49D3-B67B-D3C48B7179AC}.Release|Any CPU.ActiveCfg = Release|Any CPU
		{AD93A16B-B233-49D3-B67B-D3C48B7179AC}.Release|Any CPU.Build.0 = Release|Any CPU
	EndGlobalSection
	GlobalSection(SolutionProperties) = preSolution
		HideSolutionNode = FALSE
	EndGlobalSection
	GlobalSection(ExtensibilityGlobals) = postSolution
		SolutionGuid = {5FC667DC-001C-4CD3-955B-3750AA67501C}
	EndGlobalSection
EndGlobal
